
Microsoft Visual Studio Solution File, Format Version 12.00
# Visual Studio Version 17
VisualStudioVersion = 17.12.35514.174
MinimumVisualStudioVersion = 10.0.40219.1
Project("{FAE04EC0-301F-11D3-BF4B-00C04F79EFBC}") = "OnlineStore.Entity", "OnlineStore.Entity\OnlineStore.Entity.csproj", "{A4C0E576-2706-4EDF-B0E3-6A6E3D4D6B06}"
EndProject
Project("{FAE04EC0-301F-11D3-BF4B-00C04F79EFBC}") = "OnlineStore.Persistence", "OnlineStore.Persistence\OnlineStore.Persistence.csproj", "{842C6305-750E-476C-AA86-07C37473EE96}"
	ProjectSection(ProjectDependencies) = postProject
		{A4C0E576-2706-4EDF-B0E3-6A6E3D4D6B06} = {A4C0E576-2706-4EDF-B0E3-6A6E3D4D6B06}
	EndProjectSection
EndProject
Project("{FAE04EC0-301F-11D3-BF4B-00C04F79EFBC}") = "OnlineStore.Repository", "OnlineStore.Repository\OnlineStore.Repository.csproj", "{023EBB43-F66C-48B9-8464-83810A378AD1}"
	ProjectSection(ProjectDependencies) = postProject
		{842C6305-750E-476C-AA86-07C37473EE96} = {842C6305-750E-476C-AA86-07C37473EE96}
		{A4C0E576-2706-4EDF-B0E3-6A6E3D4D6B06} = {A4C0E576-2706-4EDF-B0E3-6A6E3D4D6B06}
	EndProjectSection
EndProject
Project("{FAE04EC0-301F-11D3-BF4B-00C04F79EFBC}") = "OnlineStore.WebAPI", "OnlineStore.WebAPI\OnlineStore.WebAPI.csproj", "{D0AC2830-16FA-4F57-AFDD-F188FE2F4279}"
	ProjectSection(ProjectDependencies) = postProject
		{842C6305-750E-476C-AA86-07C37473EE96} = {842C6305-750E-476C-AA86-07C37473EE96}
	EndProjectSection
EndProject
Project("{FAE04EC0-301F-11D3-BF4B-00C04F79EFBC}") = "OnlineStore.MapperDTO", "OnlineStore.MapperDTO\OnlineStore.MapperDTO.csproj", "{B55A617C-4D07-4BCA-A84F-27315688FB67}"
EndProject
Global
	GlobalSection(SolutionConfigurationPlatforms) = preSolution
		Debug|Any CPU = Debug|Any CPU
		Release|Any CPU = Release|Any CPU
	EndGlobalSection
	GlobalSection(ProjectConfigurationPlatforms) = postSolution
		{A4C0E576-2706-4EDF-B0E3-6A6E3D4D6B06}.Debug|Any CPU.ActiveCfg = Debug|Any CPU
		{A4C0E576-2706-4EDF-B0E3-6A6E3D4D6B06}.Debug|Any CPU.Build.0 = Debug|Any CPU
		{A4C0E576-2706-4EDF-B0E3-6A6E3D4D6B06}.Release|Any CPU.ActiveCfg = Release|Any CPU
		{A4C0E576-2706-4EDF-B0E3-6A6E3D4D6B06}.Release|Any CPU.Build.0 = Release|Any CPU
		{842C6305-750E-476C-AA86-07C37473EE96}.Debug|Any CPU.ActiveCfg = Debug|Any CPU
		{842C6305-750E-476C-AA86-07C37473EE96}.Debug|Any CPU.Build.0 = Debug|Any CPU
		{842C6305-750E-476C-AA86-07C37473EE96}.Release|Any CPU.ActiveCfg = Release|Any CPU
		{842C6305-750E-476C-AA86-07C37473EE96}.Release|Any CPU.Build.0 = Release|Any CPU
		{023EBB43-F66C-48B9-8464-83810A378AD1}.Debug|Any CPU.ActiveCfg = Debug|Any CPU
		{023EBB43-F66C-48B9-8464-83810A378AD1}.Debug|Any CPU.Build.0 = Debug|Any CPU
		{023EBB43-F66C-48B9-8464-83810A378AD1}.Release|Any CPU.ActiveCfg = Release|Any CPU
		{023EBB43-F66C-48B9-8464-83810A378AD1}.Release|Any CPU.Build.0 = Release|Any CPU
		{D0AC2830-16FA-4F57-AFDD-F188FE2F4279}.Debug|Any CPU.ActiveCfg = Debug|Any CPU
		{D0AC2830-16FA-4F57-AFDD-F188FE2F4279}.Debug|Any CPU.Build.0 = Debug|Any CPU
		{D0AC2830-16FA-4F57-AFDD-F188FE2F4279}.Release|Any CPU.ActiveCfg = Release|Any CPU
		{D0AC2830-16FA-4F57-AFDD-F188FE2F4279}.Release|Any CPU.Build.0 = Release|Any CPU
		{B55A617C-4D07-4BCA-A84F-27315688FB67}.Debug|Any CPU.ActiveCfg = Debug|Any CPU
		{B55A617C-4D07-4BCA-A84F-27315688FB67}.Debug|Any CPU.Build.0 = Debug|Any CPU
		{B55A617C-4D07-4BCA-A84F-27315688FB67}.Release|Any CPU.ActiveCfg = Release|Any CPU
		{B55A617C-4D07-4BCA-A84F-27315688FB67}.Release|Any CPU.Build.0 = Release|Any CPU
	EndGlobalSection
	GlobalSection(SolutionProperties) = preSolution
		HideSolutionNode = FALSE
	EndGlobalSection
EndGlobal
